
Microsoft Visual Studio Solution File, Format Version 12.00
# Visual Studio Version 16
VisualStudioVersion = 16.0.31624.102
MinimumVisualStudioVersion = 10.0.40219.1
Project("{9A19103F-16F7-4668-BE54-9A1E7A4F7556}") = "WebAppFinal", "WebAppFinal\WebAppFinal.csproj", "{66703F76-569C-4673-BC30-1C3F90BEC0D6}"
EndProject
Project("{E53339B2-1760-4266-BCC7-CA923CBCF16C}") = "docker-compose", "docker-compose.dcproj", "{7EE8ED2D-CC16-4C55-89F6-35A0E8C34C93}"
EndProject
Project("{9A19103F-16F7-4668-BE54-9A1E7A4F7556}") = "WebApiFinal", "WebApiFinal\WebApiFinal.csproj", "{DE994A57-66B3-4FAF-8C15-54439CDE9C5A}"
EndProject
Global
	GlobalSection(SolutionConfigurationPlatforms) = preSolution
		Debug|Any CPU = Debug|Any CPU
		Release|Any CPU = Release|Any CPU
	EndGlobalSection
	GlobalSection(ProjectConfigurationPlatforms) = postSolution
		{66703F76-569C-4673-BC30-1C3F90BEC0D6}.Debug|Any CPU.ActiveCfg = Debug|Any CPU
		{66703F76-569C-4673-BC30-1C3F90BEC0D6}.Debug|Any CPU.Build.0 = Debug|Any CPU
		{66703F76-569C-4673-BC30-1C3F90BEC0D6}.Release|Any CPU.ActiveCfg = Release|Any CPU
		{66703F76-569C-4673-BC30-1C3F90BEC0D6}.Release|Any CPU.Build.0 = Release|Any CPU
		{7EE8ED2D-CC16-4C55-89F6-35A0E8C34C93}.Debug|Any CPU.ActiveCfg = Debug|Any CPU
		{7EE8ED2D-CC16-4C55-89F6-35A0E8C34C93}.Release|Any CPU.ActiveCfg = Release|Any CPU
		{DE994A57-66B3-4FAF-8C15-54439CDE9C5A}.Debug|Any CPU.ActiveCfg = Debug|Any CPU
		{DE994A57-66B3-4FAF-8C15-54439CDE9C5A}.Debug|Any CPU.Build.0 = Debug|Any CPU
		{DE994A57-66B3-4FAF-8C15-54439CDE9C5A}.Release|Any CPU.ActiveCfg = Release|Any CPU
		{DE994A57-66B3-4FAF-8C15-54439CDE9C5A}.Release|Any CPU.Build.0 = Release|Any CPU
	EndGlobalSection
	GlobalSection(SolutionProperties) = preSolution
		HideSolutionNode = FALSE
	EndGlobalSection
	GlobalSection(ExtensibilityGlobals) = postSolution
		SolutionGuid = {1BB3E0D5-9FE0-497F-86FF-B173BBD2ACCB}
	EndGlobalSection
EndGlobal
